
Microsoft Visual Studio Solution File, Format Version 12.00
# Visual Studio Version 17
VisualStudioVersion = 17.8.34511.84
MinimumVisualStudioVersion = 10.0.40219.1
Project("{FAE04EC0-301F-11D3-BF4B-00C04F79EFBC}") = "LearningOpenTK", "LearningOpenTK.csproj", "{21C50F96-9F43-47ED-8C93-BF604C9429F7}"
EndProject
Global
	GlobalSection(SolutionConfigurationPlatforms) = preSolution
		Debug|Any CPU = Debug|Any CPU
		Release|Any CPU = Release|Any CPU
	EndGlobalSection
	GlobalSection(ProjectConfigurationPlatforms) = postSolution
		{21C50F96-9F43-47ED-8C93-BF604C9429F7}.Debug|Any CPU.ActiveCfg = Debug|Any CPU
		{21C50F96-9F43-47ED-8C93-BF604C9429F7}.Debug|Any CPU.Build.0 = Debug|Any CPU
		{21C50F96-9F43-47ED-8C93-BF604C9429F7}.Release|Any CPU.ActiveCfg = Release|Any CPU
		{21C50F96-9F43-47ED-8C93-BF604C9429F7}.Release|Any CPU.Build.0 = Release|Any CPU
	EndGlobalSection
	GlobalSection(SolutionProperties) = preSolution
		HideSolutionNode = FALSE
	EndGlobalSection
	GlobalSection(ExtensibilityGlobals) = postSolution
		SolutionGuid = {6A418C69-78C8-4BA4-BA6B-B03EF670A1CA}
	EndGlobalSection
EndGlobal
